
Microsoft Visual Studio Solution File, Format Version 12.00
# Visual Studio 15
VisualStudioVersion = 15.0.27428.2037
MinimumVisualStudioVersion = 10.0.40219.1
Project("{FAE04EC0-301F-11D3-BF4B-00C04F79EFBC}") = "TaskyApp", "TaskyApp\TaskyApp.csproj", "{9C781F1A-1612-44F5-B31C-A0A2206CFC92}"
EndProject
Project("{FAE04EC0-301F-11D3-BF4B-00C04F79EFBC}") = "TaskyWebService", "TaskyWebService\TaskyWebService.csproj", "{666D970A-D9BB-4E5A-AE8C-AE98CB3ADE94}"
EndProject
Global
	GlobalSection(SolutionConfigurationPlatforms) = preSolution
		Debug|Any CPU = Debug|Any CPU
		Debug|ARM = Debug|ARM
		Debug|x64 = Debug|x64
		Debug|x86 = Debug|x86
		Release|Any CPU = Release|Any CPU
		Release|ARM = Release|ARM
		Release|x64 = Release|x64
		Release|x86 = Release|x86
	EndGlobalSection
	GlobalSection(ProjectConfigurationPlatforms) = postSolution
		{9C781F1A-1612-44F5-B31C-A0A2206CFC92}.Debug|Any CPU.ActiveCfg = Debug|x86
		{9C781F1A-1612-44F5-B31C-A0A2206CFC92}.Debug|ARM.ActiveCfg = Debug|ARM
		{9C781F1A-1612-44F5-B31C-A0A2206CFC92}.Debug|ARM.Build.0 = Debug|ARM
		{9C781F1A-1612-44F5-B31C-A0A2206CFC92}.Debug|ARM.Deploy.0 = Debug|ARM
		{9C781F1A-1612-44F5-B31C-A0A2206CFC92}.Debug|x64.ActiveCfg = Debug|x64
		{9C781F1A-1612-44F5-B31C-A0A2206CFC92}.Debug|x64.Build.0 = Debug|x64
		{9C781F1A-1612-44F5-B31C-A0A2206CFC92}.Debug|x64.Deploy.0 = Debug|x64
		{9C781F1A-1612-44F5-B31C-A0A2206CFC92}.Debug|x86.ActiveCfg = Debug|x86
		{9C781F1A-1612-44F5-B31C-A0A2206CFC92}.Debug|x86.Build.0 = Debug|x86
		{9C781F1A-1612-44F5-B31C-A0A2206CFC92}.Debug|x86.Deploy.0 = Debug|x86
		{9C781F1A-1612-44F5-B31C-A0A2206CFC92}.Release|Any CPU.ActiveCfg = Release|x86
		{9C781F1A-1612-44F5-B31C-A0A2206CFC92}.Release|ARM.ActiveCfg = Release|ARM
		{9C781F1A-1612-44F5-B31C-A0A2206CFC92}.Release|ARM.Build.0 = Release|ARM
		{9C781F1A-1612-44F5-B31C-A0A2206CFC92}.Release|ARM.Deploy.0 = Release|ARM
		{9C781F1A-1612-44F5-B31C-A0A2206CFC92}.Release|x64.ActiveCfg = Release|x64
		{9C781F1A-1612-44F5-B31C-A0A2206CFC92}.Release|x64.Build.0 = Release|x64
		{9C781F1A-1612-44F5-B31C-A0A2206CFC92}.Release|x64.Deploy.0 = Release|x64
		{9C781F1A-1612-44F5-B31C-A0A2206CFC92}.Release|x86.ActiveCfg = Release|x86
		{9C781F1A-1612-44F5-B31C-A0A2206CFC92}.Release|x86.Build.0 = Release|x86
		{9C781F1A-1612-44F5-B31C-A0A2206CFC92}.Release|x86.Deploy.0 = Release|x86
		{666D970A-D9BB-4E5A-AE8C-AE98CB3ADE94}.Debug|Any CPU.ActiveCfg = Debug|Any CPU
		{666D970A-D9BB-4E5A-AE8C-AE98CB3ADE94}.Debug|Any CPU.Build.0 = Debug|Any CPU
		{666D970A-D9BB-4E5A-AE8C-AE98CB3ADE94}.Debug|ARM.ActiveCfg = Debug|Any CPU
		{666D970A-D9BB-4E5A-AE8C-AE98CB3ADE94}.Debug|ARM.Build.0 = Debug|Any CPU
		{666D970A-D9BB-4E5A-AE8C-AE98CB3ADE94}.Debug|x64.ActiveCfg = Debug|Any CPU
		{666D970A-D9BB-4E5A-AE8C-AE98CB3ADE94}.Debug|x64.Build.0 = Debug|Any CPU
		{666D970A-D9BB-4E5A-AE8C-AE98CB3ADE94}.Debug|x86.ActiveCfg = Debug|Any CPU
		{666D970A-D9BB-4E5A-AE8C-AE98CB3ADE94}.Debug|x86.Build.0 = Debug|Any CPU
		{666D970A-D9BB-4E5A-AE8C-AE98CB3ADE94}.Release|Any CPU.ActiveCfg = Release|Any CPU
		{666D970A-D9BB-4E5A-AE8C-AE98CB3ADE94}.Release|Any CPU.Build.0 = Release|Any CPU
		{666D970A-D9BB-4E5A-AE8C-AE98CB3ADE94}.Release|ARM.ActiveCfg = Release|Any CPU
		{666D970A-D9BB-4E5A-AE8C-AE98CB3ADE94}.Release|ARM.Build.0 = Release|Any CPU
		{666D970A-D9BB-4E5A-AE8C-AE98CB3ADE94}.Release|x64.ActiveCfg = Release|Any CPU
		{666D970A-D9BB-4E5A-AE8C-AE98CB3ADE94}.Release|x64.Build.0 = Release|Any CPU
		{666D970A-D9BB-4E5A-AE8C-AE98CB3ADE94}.Release|x86.ActiveCfg = Release|Any CPU
		{666D970A-D9BB-4E5A-AE8C-AE98CB3ADE94}.Release|x86.Build.0 = Release|Any CPU
	EndGlobalSection
	GlobalSection(SolutionProperties) = preSolution
		HideSolutionNode = FALSE
	EndGlobalSection
	GlobalSection(ExtensibilityGlobals) = postSolution
		SolutionGuid = {DCE42430-9093-4280-A48A-FC0B07A4CB61}
	EndGlobalSection
EndGlobal
